
Microsoft Visual Studio Solution File, Format Version 12.00
# Visual Studio Version 16
VisualStudioVersion = 16.0.31105.61
MinimumVisualStudioVersion = 10.0.40219.1
Project("{888888A0-9F3D-457C-B088-3A5042F75D52}") = "Heartattak", "Heartattak.pyproj", "{4DD3A530-724E-4878-B26D-A5055D15E4BD}"
EndProject
Global
	GlobalSection(SolutionConfigurationPlatforms) = preSolution
		Debug|Any CPU = Debug|Any CPU
		Release|Any CPU = Release|Any CPU
	EndGlobalSection
	GlobalSection(ProjectConfigurationPlatforms) = postSolution
		{4DD3A530-724E-4878-B26D-A5055D15E4BD}.Debug|Any CPU.ActiveCfg = Debug|Any CPU
		{4DD3A530-724E-4878-B26D-A5055D15E4BD}.Debug|Any CPU.Build.0 = Debug|Any CPU
		{4DD3A530-724E-4878-B26D-A5055D15E4BD}.Release|Any CPU.ActiveCfg = Release|Any CPU
		{4DD3A530-724E-4878-B26D-A5055D15E4BD}.Release|Any CPU.Build.0 = Release|Any CPU
	EndGlobalSection
	GlobalSection(SolutionProperties) = preSolution
		HideSolutionNode = FALSE
	EndGlobalSection
	GlobalSection(ExtensibilityGlobals) = postSolution
		SolutionGuid = {54FF52F1-9473-46EF-867F-861EECA6DD1A}
	EndGlobalSection
EndGlobal
